
Microsoft Visual Studio Solution File, Format Version 12.00
# Visual Studio Version 16
VisualStudioVersion = 16.0.30225.117
MinimumVisualStudioVersion = 10.0.40219.1
Project("{9A19103F-16F7-4668-BE54-9A1E7A4F7556}") = "TeamWork", "TeamWork\TeamWork.csproj", "{0DDD841F-9500-4406-94C5-E7705DFFA930}"
EndProject
Project("{9A19103F-16F7-4668-BE54-9A1E7A4F7556}") = "TeamWork.Repository", "TeamWork.Repository\TeamWork.Repository.csproj", "{EEAD6BD8-9AA3-4396-893A-65A27740F0D9}"
EndProject
Project("{9A19103F-16F7-4668-BE54-9A1E7A4F7556}") = "TeamWork.Service", "TeamWork.Service\TeamWork.Service.csproj", "{D8436D46-A6C0-4CCC-B75E-E680286390F8}"
EndProject
Project("{9A19103F-16F7-4668-BE54-9A1E7A4F7556}") = "TeamWork.Core", "TeamWork.Core\TeamWork.Core.csproj", "{EFD343AF-02E8-447D-A0F2-618806F1E5FC}"
EndProject
Project("{9A19103F-16F7-4668-BE54-9A1E7A4F7556}") = "TeamWork.CommonMember", "TeamWork.CommonMember\TeamWork.CommonMember.csproj", "{6A0FDC0F-D12C-4369-9095-AD0600A6C331}"
EndProject
Global
	GlobalSection(SolutionConfigurationPlatforms) = preSolution
		Debug|Any CPU = Debug|Any CPU
		Release|Any CPU = Release|Any CPU
	EndGlobalSection
	GlobalSection(ProjectConfigurationPlatforms) = postSolution
		{0DDD841F-9500-4406-94C5-E7705DFFA930}.Debug|Any CPU.ActiveCfg = Debug|Any CPU
		{0DDD841F-9500-4406-94C5-E7705DFFA930}.Debug|Any CPU.Build.0 = Debug|Any CPU
		{0DDD841F-9500-4406-94C5-E7705DFFA930}.Release|Any CPU.ActiveCfg = Release|Any CPU
		{0DDD841F-9500-4406-94C5-E7705DFFA930}.Release|Any CPU.Build.0 = Release|Any CPU
		{EEAD6BD8-9AA3-4396-893A-65A27740F0D9}.Debug|Any CPU.ActiveCfg = Debug|Any CPU
		{EEAD6BD8-9AA3-4396-893A-65A27740F0D9}.Debug|Any CPU.Build.0 = Debug|Any CPU
		{EEAD6BD8-9AA3-4396-893A-65A27740F0D9}.Release|Any CPU.ActiveCfg = Release|Any CPU
		{EEAD6BD8-9AA3-4396-893A-65A27740F0D9}.Release|Any CPU.Build.0 = Release|Any CPU
		{D8436D46-A6C0-4CCC-B75E-E680286390F8}.Debug|Any CPU.ActiveCfg = Debug|Any CPU
		{D8436D46-A6C0-4CCC-B75E-E680286390F8}.Debug|Any CPU.Build.0 = Debug|Any CPU
		{D8436D46-A6C0-4CCC-B75E-E680286390F8}.Release|Any CPU.ActiveCfg = Release|Any CPU
		{D8436D46-A6C0-4CCC-B75E-E680286390F8}.Release|Any CPU.Build.0 = Release|Any CPU
		{EFD343AF-02E8-447D-A0F2-618806F1E5FC}.Debug|Any CPU.ActiveCfg = Debug|Any CPU
		{EFD343AF-02E8-447D-A0F2-618806F1E5FC}.Debug|Any CPU.Build.0 = Debug|Any CPU
		{EFD343AF-02E8-447D-A0F2-618806F1E5FC}.Release|Any CPU.ActiveCfg = Release|Any CPU
		{EFD343AF-02E8-447D-A0F2-618806F1E5FC}.Release|Any CPU.Build.0 = Release|Any CPU
		{6A0FDC0F-D12C-4369-9095-AD0600A6C331}.Debug|Any CPU.ActiveCfg = Debug|Any CPU
		{6A0FDC0F-D12C-4369-9095-AD0600A6C331}.Debug|Any CPU.Build.0 = Debug|Any CPU
		{6A0FDC0F-D12C-4369-9095-AD0600A6C331}.Release|Any CPU.ActiveCfg = Release|Any CPU
		{6A0FDC0F-D12C-4369-9095-AD0600A6C331}.Release|Any CPU.Build.0 = Release|Any CPU
	EndGlobalSection
	GlobalSection(SolutionProperties) = preSolution
		HideSolutionNode = FALSE
	EndGlobalSection
	GlobalSection(ExtensibilityGlobals) = postSolution
		SolutionGuid = {054E0353-D6BE-478D-940D-ECC29165CCCB}
	EndGlobalSection
EndGlobal
